
Microsoft Visual Studio Solution File, Format Version 12.00
# Visual Studio Version 17
VisualStudioVersion = 17.8.34330.188
MinimumVisualStudioVersion = 10.0.40219.1
Project("{9A19103F-16F7-4668-BE54-9A1E7A4F7556}") = "BrowserIng.MainGUI", "Components\BrowserIng.MainGUI\BrowserIng.MainGUI.csproj", "{BD5F5F10-FE52-4292-98A9-A1A998314131}"
EndProject
Project("{FAE04EC0-301F-11D3-BF4B-00C04F79EFBC}") = "BrowserIng", "BrowserIng\BrowserIng.csproj", "{490E35F5-D554-867A-6C1F-DF829E60BFA8}"
EndProject
Project("{2150E333-8FDC-42A3-9474-1A3956D46DE8}") = "Элементы решения", "Элементы решения", "{754FC069-D67B-A9D7-50A1-8D1CA196D8F1}"
	ProjectSection(SolutionItems) = preProject
		LICENSE = LICENSE
	EndProjectSection
EndProject
Global
	GlobalSection(SolutionConfigurationPlatforms) = preSolution
		Debug|Any CPU = Debug|Any CPU
		Release|Any CPU = Release|Any CPU
	EndGlobalSection
	GlobalSection(ProjectConfigurationPlatforms) = postSolution
		{BD5F5F10-FE52-4292-98A9-A1A998314131}.Debug|Any CPU.ActiveCfg = Debug|Any CPU
		{BD5F5F10-FE52-4292-98A9-A1A998314131}.Debug|Any CPU.Build.0 = Debug|Any CPU
		{BD5F5F10-FE52-4292-98A9-A1A998314131}.Release|Any CPU.ActiveCfg = Release|Any CPU
		{BD5F5F10-FE52-4292-98A9-A1A998314131}.Release|Any CPU.Build.0 = Release|Any CPU
		{490E35F5-D554-867A-6C1F-DF829E60BFA8}.Debug|Any CPU.ActiveCfg = Debug|Any CPU
		{490E35F5-D554-867A-6C1F-DF829E60BFA8}.Debug|Any CPU.Build.0 = Debug|Any CPU
		{490E35F5-D554-867A-6C1F-DF829E60BFA8}.Release|Any CPU.ActiveCfg = Release|Any CPU
		{490E35F5-D554-867A-6C1F-DF829E60BFA8}.Release|Any CPU.Build.0 = Release|Any CPU
	EndGlobalSection
	GlobalSection(SolutionProperties) = preSolution
		HideSolutionNode = FALSE
	EndGlobalSection
	GlobalSection(ExtensibilityGlobals) = postSolution
		SolutionGuid = {FE499967-01E9-48B8-A4EA-3E637EE4FA51}
	EndGlobalSection
EndGlobal
